
Microsoft Visual Studio Solution File, Format Version 12.00
# Visual Studio Version 16
VisualStudioVersion = 16.0.31019.35
MinimumVisualStudioVersion = 10.0.40219.1
Project("{9A19103F-16F7-4668-BE54-9A1E7A4F7556}") = "Contractor", "Contractor\Contractor.csproj", "{C71E37E2-D608-4A6B-BAD0-E966380B3B8B}"
EndProject
Project("{9A19103F-16F7-4668-BE54-9A1E7A4F7556}") = "Demo", "Demo\Demo.csproj", "{4051E04D-7045-4C3C-9192-C0E5B0776A36}"
EndProject
Global
	GlobalSection(SolutionConfigurationPlatforms) = preSolution
		Debug|Any CPU = Debug|Any CPU
		Release|Any CPU = Release|Any CPU
	EndGlobalSection
	GlobalSection(ProjectConfigurationPlatforms) = postSolution
		{C71E37E2-D608-4A6B-BAD0-E966380B3B8B}.Debug|Any CPU.ActiveCfg = Debug|Any CPU
		{C71E37E2-D608-4A6B-BAD0-E966380B3B8B}.Debug|Any CPU.Build.0 = Debug|Any CPU
		{C71E37E2-D608-4A6B-BAD0-E966380B3B8B}.Release|Any CPU.ActiveCfg = Release|Any CPU
		{C71E37E2-D608-4A6B-BAD0-E966380B3B8B}.Release|Any CPU.Build.0 = Release|Any CPU
		{4051E04D-7045-4C3C-9192-C0E5B0776A36}.Debug|Any CPU.ActiveCfg = Debug|Any CPU
		{4051E04D-7045-4C3C-9192-C0E5B0776A36}.Debug|Any CPU.Build.0 = Debug|Any CPU
		{4051E04D-7045-4C3C-9192-C0E5B0776A36}.Release|Any CPU.ActiveCfg = Release|Any CPU
		{4051E04D-7045-4C3C-9192-C0E5B0776A36}.Release|Any CPU.Build.0 = Release|Any CPU
	EndGlobalSection
	GlobalSection(SolutionProperties) = preSolution
		HideSolutionNode = FALSE
	EndGlobalSection
	GlobalSection(ExtensibilityGlobals) = postSolution
		SolutionGuid = {CCE7A1CA-351A-4D65-AFA5-5D043267387B}
	EndGlobalSection
EndGlobal
